{
  "name": "math visualisations",
  "lockfileVersion": 3,
  "requires": true,
  "packages": {
    "": {
      "dependencies": {
        "plotly.js-dist-min": "^2.16.1"
      }
    },
    "node_modules/plotly.js-dist-min": {
      "version": "2.16.1",
      "resolved": "https://registry.npmjs.org/plotly.js-dist-min/-/plotly.js-dist-min-2.16.1.tgz",
      "integrity": "sha512-SB7xRacqoQdrJ8vO461ISLi5v3p42RnLqi0PDn0GxlJRSE1bIfDeQmTs8kL0vJaeaaWnmON8XDF78tzbpgSaDg=="
    }
  }
}
